
Microsoft Visual Studio Solution File, Format Version 12.00
# Visual Studio Version 16
VisualStudioVersion = 16.0.31702.278
MinimumVisualStudioVersion = 10.0.40219.1
Project("{FAE04EC0-301F-11D3-BF4B-00C04F79EFBC}") = "HashTableDay15", "HashTableDay15\HashTableDay15.csproj", "{169AA214-58C2-4AEF-9262-960B80112EA5}"
EndProject
Global
	GlobalSection(SolutionConfigurationPlatforms) = preSolution
		Debug|Any CPU = Debug|Any CPU
		Release|Any CPU = Release|Any CPU
	EndGlobalSection
	GlobalSection(ProjectConfigurationPlatforms) = postSolution
		{169AA214-58C2-4AEF-9262-960B80112EA5}.Debug|Any CPU.ActiveCfg = Debug|Any CPU
		{169AA214-58C2-4AEF-9262-960B80112EA5}.Debug|Any CPU.Build.0 = Debug|Any CPU
		{169AA214-58C2-4AEF-9262-960B80112EA5}.Release|Any CPU.ActiveCfg = Release|Any CPU
		{169AA214-58C2-4AEF-9262-960B80112EA5}.Release|Any CPU.Build.0 = Release|Any CPU
	EndGlobalSection
	GlobalSection(SolutionProperties) = preSolution
		HideSolutionNode = FALSE
	EndGlobalSection
	GlobalSection(ExtensibilityGlobals) = postSolution
		SolutionGuid = {CE08FA3A-CCBE-4244-B91C-09E98C96FD8D}
	EndGlobalSection
EndGlobal
